
Microsoft Visual Studio Solution File, Format Version 12.00
# Visual Studio Version 17
VisualStudioVersion = 17.1.32421.90
MinimumVisualStudioVersion = 10.0.40219.1
Project("{9A19103F-16F7-4668-BE54-9A1E7A4F7556}") = "ProLab", "ProLab\ProLab.csproj", "{CCD7D057-FFA1-4DC0-8B46-41FA39F48368}"
EndProject
Project("{9A19103F-16F7-4668-BE54-9A1E7A4F7556}") = "People", "..\People\People.csproj", "{8C1704B6-C0AA-4120-9326-1EFDAD95373F}"
EndProject
Project("{9A19103F-16F7-4668-BE54-9A1E7A4F7556}") = "DAIF2020", "..\DAIF2020\DAIF2020.csproj", "{55254DC2-9193-49A9-9017-FF1DF7C21F82}"
EndProject
Project("{9A19103F-16F7-4668-BE54-9A1E7A4F7556}") = "DAIF2021", "..\DAIF2021\DAIF2021.csproj", "{610B980F-6A2B-4ABB-87E9-7499F3159320}"
EndProject
Project("{9A19103F-16F7-4668-BE54-9A1E7A4F7556}") = "NBS", "..\NBS\NBS.csproj", "{CEE39541-C38B-4F9A-89FC-A7BA15FBDF82}"
EndProject
Global
	GlobalSection(SolutionConfigurationPlatforms) = preSolution
		Debug|Any CPU = Debug|Any CPU
		Release|Any CPU = Release|Any CPU
	EndGlobalSection
	GlobalSection(ProjectConfigurationPlatforms) = postSolution
		{CCD7D057-FFA1-4DC0-8B46-41FA39F48368}.Debug|Any CPU.ActiveCfg = Debug|Any CPU
		{CCD7D057-FFA1-4DC0-8B46-41FA39F48368}.Debug|Any CPU.Build.0 = Debug|Any CPU
		{CCD7D057-FFA1-4DC0-8B46-41FA39F48368}.Release|Any CPU.ActiveCfg = Release|Any CPU
		{CCD7D057-FFA1-4DC0-8B46-41FA39F48368}.Release|Any CPU.Build.0 = Release|Any CPU
		{8C1704B6-C0AA-4120-9326-1EFDAD95373F}.Debug|Any CPU.ActiveCfg = Debug|Any CPU
		{8C1704B6-C0AA-4120-9326-1EFDAD95373F}.Debug|Any CPU.Build.0 = Debug|Any CPU
		{8C1704B6-C0AA-4120-9326-1EFDAD95373F}.Release|Any CPU.ActiveCfg = Release|Any CPU
		{8C1704B6-C0AA-4120-9326-1EFDAD95373F}.Release|Any CPU.Build.0 = Release|Any CPU
		{55254DC2-9193-49A9-9017-FF1DF7C21F82}.Debug|Any CPU.ActiveCfg = Debug|Any CPU
		{55254DC2-9193-49A9-9017-FF1DF7C21F82}.Debug|Any CPU.Build.0 = Debug|Any CPU
		{55254DC2-9193-49A9-9017-FF1DF7C21F82}.Release|Any CPU.ActiveCfg = Release|Any CPU
		{55254DC2-9193-49A9-9017-FF1DF7C21F82}.Release|Any CPU.Build.0 = Release|Any CPU
		{610B980F-6A2B-4ABB-87E9-7499F3159320}.Debug|Any CPU.ActiveCfg = Debug|Any CPU
		{610B980F-6A2B-4ABB-87E9-7499F3159320}.Debug|Any CPU.Build.0 = Debug|Any CPU
		{610B980F-6A2B-4ABB-87E9-7499F3159320}.Release|Any CPU.ActiveCfg = Release|Any CPU
		{610B980F-6A2B-4ABB-87E9-7499F3159320}.Release|Any CPU.Build.0 = Release|Any CPU
		{CEE39541-C38B-4F9A-89FC-A7BA15FBDF82}.Debug|Any CPU.ActiveCfg = Debug|Any CPU
		{CEE39541-C38B-4F9A-89FC-A7BA15FBDF82}.Debug|Any CPU.Build.0 = Debug|Any CPU
		{CEE39541-C38B-4F9A-89FC-A7BA15FBDF82}.Release|Any CPU.ActiveCfg = Release|Any CPU
		{CEE39541-C38B-4F9A-89FC-A7BA15FBDF82}.Release|Any CPU.Build.0 = Release|Any CPU
	EndGlobalSection
	GlobalSection(SolutionProperties) = preSolution
		HideSolutionNode = FALSE
	EndGlobalSection
	GlobalSection(ExtensibilityGlobals) = postSolution
		SolutionGuid = {3034C639-3CFB-49FD-934B-3F8FDCF73D30}
	EndGlobalSection
EndGlobal
